// !$*UTF8*$!
{
	archiveVersion = 1;
	classes = {
	};
	objectVersion = 55;
	objects = {

/* Begin PBXBuildFile section */
		2003C8E12E7478570012CB2E /* PersonCalculation.swift in Sources */ = {isa = PBXBuildFile; fileRef = 2003C8E02E7478560012CB2E /* PersonCalculation.swift */; };
		2020BCD12ED517EA0014EDB8 /* OpenSans-Semibold.ttf in Resources */ = {isa = PBXBuildFile; fileRef = 2020BCD02ED517EA0014EDB8 /* OpenSans-Semibold.ttf */; };
		2020BCD52ED5E3DD0014EDB8 /* OpenSans-Bold.ttf in Resources */ = {isa = PBXBuildFile; fileRef = 2020BCD42ED5E3DD0014EDB8 /* OpenSans-Bold.ttf */; };
		2069FC362E5703770014AC45 /* CustomViewController.swift in Sources */ = {isa = PBXBuildFile; fileRef = 2069FC352E5703770014AC45 /* CustomViewController.swift */; };
		2083A2942EE73D9D007B8453 /* AdManager.swift in Sources */ = {isa = PBXBuildFile; fileRef = 2083A2932EE73D99007B8453 /* AdManager.swift */; };
		20A0A2432E5BCAB900FC4514 /* CalculateCell.swift in Sources */ = {isa = PBXBuildFile; fileRef = 20A0A2412E5BCAB900FC4514 /* CalculateCell.swift */; };
		20A0A2442E5BCAB900FC4514 /* CalculateCell.xib in Resources */ = {isa = PBXBuildFile; fileRef = 20A0A2422E5BCAB900FC4514 /* CalculateCell.xib */; };
		20AAB5DB2E53C8460032DB88 /* ResultViewController.swift in Sources */ = {isa = PBXBuildFile; fileRef = 20AAB5DA2E53C8460032DB88 /* ResultViewController.swift */; };
		20BFF6BB2EB97A69007A14EE /* GoogleMobileAds in Frameworks */ = {isa = PBXBuildFile; productRef = 20BFF6BA2EB97A69007A14EE /* GoogleMobileAds */; };
		20D925E42ED5120500EC8E26 /* OpenSans-Regular.ttf in Resources */ = {isa = PBXBuildFile; fileRef = 20D925E32ED5120500EC8E26 /* OpenSans-Regular.ttf */; };
		20E6D22A2E718CD80023E4CA /* ShareButtonHelper.swift in Sources */ = {isa = PBXBuildFile; fileRef = 20E6D2292E718CD70023E4CA /* ShareButtonHelper.swift */; };
		20EBCB9A2E6F8DE000D627DA /* CalculatorViewController.swift in Sources */ = {isa = PBXBuildFile; fileRef = 20EBCB992E6F8DE000D627DA /* CalculatorViewController.swift */; };
		20EC7AEC2E4E91EE0069E4FF /* AppDelegate.swift in Sources */ = {isa = PBXBuildFile; fileRef = 20EC7AEB2E4E91EE0069E4FF /* AppDelegate.swift */; };
		20EC7AEE2E4E91EE0069E4FF /* SceneDelegate.swift in Sources */ = {isa = PBXBuildFile; fileRef = 20EC7AED2E4E91EE0069E4FF /* SceneDelegate.swift */; };
		20EC7AF02E4E91EE0069E4FF /* StartViewController.swift in Sources */ = {isa = PBXBuildFile; fileRef = 20EC7AEF2E4E91EE0069E4FF /* StartViewController.swift */; };
		20EC7AF32E4E91EE0069E4FF /* Main.storyboard in Resources */ = {isa = PBXBuildFile; fileRef = 20EC7AF12E4E91EE0069E4FF /* Main.storyboard */; };
		20EC7AF52E4E91F70069E4FF /* Assets.xcassets in Resources */ = {isa = PBXBuildFile; fileRef = 20EC7AF42E4E91F70069E4FF /* Assets.xcassets */; };
		20EC7AF82E4E91F70069E4FF /* LaunchScreen.storyboard in Resources */ = {isa = PBXBuildFile; fileRef = 20EC7AF62E4E91F70069E4FF /* LaunchScreen.storyboard */; };
		20FEACEA2E5D9E6B00476F0D /* Constants.swift in Sources */ = {isa = PBXBuildFile; fileRef = 20FEACE92E5D9E6B00476F0D /* Constants.swift */; };
		20FEACED2E5E3EAB00476F0D /* Bill.swift in Sources */ = {isa = PBXBuildFile; fileRef = 20FEACEC2E5E3EAB00476F0D /* Bill.swift */; };
		20FEACEF2E5E409200476F0D /* BillequalBrain.swift in Sources */ = {isa = PBXBuildFile; fileRef = 20FEACEE2E5E409200476F0D /* BillequalBrain.swift */; };
/* End PBXBuildFile section */

/* Begin PBXFileReference section */
		2003C8E02E7478560012CB2E /* PersonCalculation.swift */ = {isa = PBXFileReference; lastKnownFileType = sourcecode.swift; path = PersonCalculation.swift; sourceTree = "<group>"; };
		2020BCD02ED517EA0014EDB8 /* OpenSans-Semibold.ttf */ = {isa = PBXFileReference; lastKnownFileType = file; path = "OpenSans-Semibold.ttf"; sourceTree = "<group>"; };
		2020BCD42ED5E3DD0014EDB8 /* OpenSans-Bold.ttf */ = {isa = PBXFileReference; lastKnownFileType = file; path = "OpenSans-Bold.ttf"; sourceTree = "<group>"; };
		2069FC352E5703770014AC45 /* CustomViewController.swift */ = {isa = PBXFileReference; lastKnownFileType = sourcecode.swift; path = CustomViewController.swift; sourceTree = "<group>"; };
		2083A2932EE73D99007B8453 /* AdManager.swift */ = {isa = PBXFileReference; lastKnownFileType = sourcecode.swift; path = AdManager.swift; sourceTree = "<group>"; };
		20A0A2412E5BCAB900FC4514 /* CalculateCell.swift */ = {isa = PBXFileReference; lastKnownFileType = sourcecode.swift; path = CalculateCell.swift; sourceTree = "<group>"; };
		20A0A2422E5BCAB900FC4514 /* CalculateCell.xib */ = {isa = PBXFileReference; lastKnownFileType = file.xib; path = CalculateCell.xib; sourceTree = "<group>"; };
		20AAB5DA2E53C8460032DB88 /* ResultViewController.swift */ = {isa = PBXFileReference; lastKnownFileType = sourcecode.swift; path = ResultViewController.swift; sourceTree = "<group>"; };
		20D925E32ED5120500EC8E26 /* OpenSans-Regular.ttf */ = {isa = PBXFileReference; lastKnownFileType = file; path = "OpenSans-Regular.ttf"; sourceTree = "<group>"; };
		20E6D2292E718CD70023E4CA /* ShareButtonHelper.swift */ = {isa = PBXFileReference; lastKnownFileType = sourcecode.swift; path = ShareButtonHelper.swift; sourceTree = "<group>"; };
		20EBCB992E6F8DE000D627DA /* CalculatorViewController.swift */ = {isa = PBXFileReference; lastKnownFileType = sourcecode.swift; path = CalculatorViewController.swift; sourceTree = "<group>"; };
		20EC7AE82E4E91EE0069E4FF /* Billequal.app */ = {isa = PBXFileReference; explicitFileType = wrapper.application; includeInIndex = 0; path = Billequal.app; sourceTree = BUILT_PRODUCTS_DIR; };
		20EC7AEB2E4E91EE0069E4FF /* AppDelegate.swift */ = {isa = PBXFileReference; lastKnownFileType = sourcecode.swift; path = AppDelegate.swift; sourceTree = "<group>"; };
		20EC7AED2E4E91EE0069E4FF /* SceneDelegate.swift */ = {isa = PBXFileReference; lastKnownFileType = sourcecode.swift; path = SceneDelegate.swift; sourceTree = "<group>"; };
		20EC7AEF2E4E91EE0069E4FF /* StartViewController.swift */ = {isa = PBXFileReference; lastKnownFileType = sourcecode.swift; path = StartViewController.swift; sourceTree = "<group>"; };
		20EC7AF22E4E91EE0069E4FF /* Base */ = {isa = PBXFileReference; lastKnownFileType = file.storyboard; name = Base; path = Base.lproj/Main.storyboard; sourceTree = "<group>"; };
		20EC7AF42E4E91F70069E4FF /* Assets.xcassets */ = {isa = PBXFileReference; lastKnownFileType = folder.assetcatalog; path = Assets.xcassets; sourceTree = "<group>"; };
		20EC7AF72E4E91F70069E4FF /* Base */ = {isa = PBXFileReference; lastKnownFileType = file.storyboard; name = Base; path = Base.lproj/LaunchScreen.storyboard; sourceTree = "<group>"; };
		20EC7AF92E4E91F70069E4FF /* Info.plist */ = {isa = PBXFileReference; lastKnownFileType = text.plist.xml; name = Info.plist; path = Billequal/Info.plist; sourceTree = SOURCE_ROOT; };
		20FEACE92E5D9E6B00476F0D /* Constants.swift */ = {isa = PBXFileReference; lastKnownFileType = sourcecode.swift; path = Constants.swift; sourceTree = "<group>"; };
		20FEACEC2E5E3EAB00476F0D /* Bill.swift */ = {isa = PBXFileReference; lastKnownFileType = sourcecode.swift; path = Bill.swift; sourceTree = "<group>"; };
		20FEACEE2E5E409200476F0D /* BillequalBrain.swift */ = {isa = PBXFileReference; lastKnownFileType = sourcecode.swift; path = BillequalBrain.swift; sourceTree = "<group>"; };
/* End PBXFileReference section */

/* Begin PBXFrameworksBuildPhase section */
		20EC7AE52E4E91EE0069E4FF /* Frameworks */ = {
			isa = PBXFrameworksBuildPhase;
			buildActionMask = 2147483647;
			files = (
				20BFF6BB2EB97A69007A14EE /* GoogleMobileAds in Frameworks */,
			);
			runOnlyForDeploymentPostprocessing = 0;
		};
/* End PBXFrameworksBuildPhase section */

/* Begin PBXGroup section */
		2077882A2ED49A66006F0755 /* CustomFonts */ = {
			isa = PBXGroup;
			children = (
				20D925E32ED5120500EC8E26 /* OpenSans-Regular.ttf */,
				2020BCD02ED517EA0014EDB8 /* OpenSans-Semibold.ttf */,
				2020BCD42ED5E3DD0014EDB8 /* OpenSans-Bold.ttf */,
			);
			path = CustomFonts;
			sourceTree = "<group>";
		};
		20AAB5D92E53C7FD0032DB88 /* Controllers */ = {
			isa = PBXGroup;
			children = (
				20EC7AEF2E4E91EE0069E4FF /* StartViewController.swift */,
				20AAB5DA2E53C8460032DB88 /* ResultViewController.swift */,
				2069FC352E5703770014AC45 /* CustomViewController.swift */,
				20EBCB992E6F8DE000D627DA /* CalculatorViewController.swift */,
				20A0A2412E5BCAB900FC4514 /* CalculateCell.swift */,
				20A0A2422E5BCAB900FC4514 /* CalculateCell.xib */,
			);
			path = Controllers;
			sourceTree = "<group>";
		};
		20C859A82E5898260071E1C4 /* Views */ = {
			isa = PBXGroup;
			children = (
				20EC7AF12E4E91EE0069E4FF /* Main.storyboard */,
				20EC7AF62E4E91F70069E4FF /* LaunchScreen.storyboard */,
			);
			path = Views;
			sourceTree = "<group>";
		};
		20E6D2282E718CA10023E4CA /* Helpers */ = {
			isa = PBXGroup;
			children = (
				2083A2932EE73D99007B8453 /* AdManager.swift */,
				20E6D2292E718CD70023E4CA /* ShareButtonHelper.swift */,
			);
			path = Helpers;
			sourceTree = "<group>";
		};
		20EC7ADF2E4E91EE0069E4FF = {
			isa = PBXGroup;
			children = (
				2077882A2ED49A66006F0755 /* CustomFonts */,
				20EC7AEA2E4E91EE0069E4FF /* Billequal */,
				20EC7AE92E4E91EE0069E4FF /* Products */,
				810D362AEA335BFEDF1ECC9C /* Frameworks */,
			);
			sourceTree = "<group>";
		};
		20EC7AE92E4E91EE0069E4FF /* Products */ = {
			isa = PBXGroup;
			children = (
				20EC7AE82E4E91EE0069E4FF /* Billequal.app */,
			);
			name = Products;
			sourceTree = "<group>";
		};
		20EC7AEA2E4E91EE0069E4FF /* Billequal */ = {
			isa = PBXGroup;
			children = (
				20E6D2282E718CA10023E4CA /* Helpers */,
				20FEACEB2E5DA0A700476F0D /* Model */,
				20EC7AEB2E4E91EE0069E4FF /* AppDelegate.swift */,
				20EC7AED2E4E91EE0069E4FF /* SceneDelegate.swift */,
				20AAB5D92E53C7FD0032DB88 /* Controllers */,
				20C859A82E5898260071E1C4 /* Views */,
				20EC7AF42E4E91F70069E4FF /* Assets.xcassets */,
				20FEACE92E5D9E6B00476F0D /* Constants.swift */,
				20EC7AF92E4E91F70069E4FF /* Info.plist */,
			);
			path = Billequal;
			sourceTree = "<group>";
		};
		20FEACEB2E5DA0A700476F0D /* Model */ = {
			isa = PBXGroup;
			children = (
				20FEACEC2E5E3EAB00476F0D /* Bill.swift */,
				20FEACEE2E5E409200476F0D /* BillequalBrain.swift */,
				2003C8E02E7478560012CB2E /* PersonCalculation.swift */,
			);
			path = Model;
			sourceTree = "<group>";
		};
		810D362AEA335BFEDF1ECC9C /* Frameworks */ = {
			isa = PBXGroup;
			children = (
			);
			name = Frameworks;
			sourceTree = "<group>";
		};
/* End PBXGroup section */

/* Begin PBXNativeTarget section */
		20EC7AE72E4E91EE0069E4FF /* Billequal */ = {
			isa = PBXNativeTarget;
			buildConfigurationList = 20EC7AFC2E4E91F70069E4FF /* Build configuration list for PBXNativeTarget "Billequal" */;
			buildPhases = (
				20EC7AE42E4E91EE0069E4FF /* Sources */,
				20EC7AE52E4E91EE0069E4FF /* Frameworks */,
				20EC7AE62E4E91EE0069E4FF /* Resources */,
			);
			buildRules = (
			);
			dependencies = (
			);
			name = Billequal;
			packageProductDependencies = (
				20BFF6BA2EB97A69007A14EE /* GoogleMobileAds */,
			);
			productName = Billequal;
			productReference = 20EC7AE82E4E91EE0069E4FF /* Billequal.app */;
			productType = "com.apple.product-type.application";
		};
/* End PBXNativeTarget section */

/* Begin PBXProject section */
		20EC7AE02E4E91EE0069E4FF /* Project object */ = {
			isa = PBXProject;
			attributes = {
				BuildIndependentTargetsInParallel = 1;
				LastSwiftUpdateCheck = 1320;
				LastUpgradeCheck = 2610;
				TargetAttributes = {
					20EC7AE72E4E91EE0069E4FF = {
						CreatedOnToolsVersion = 13.2.1;
					};
				};
			};
			buildConfigurationList = 20EC7AE32E4E91EE0069E4FF /* Build configuration list for PBXProject "Billequal" */;
			compatibilityVersion = "Xcode 13.0";
			developmentRegion = en;
			hasScannedForEncodings = 0;
			knownRegions = (
				en,
				Base,
			);
			mainGroup = 20EC7ADF2E4E91EE0069E4FF;
			packageReferences = (
				20BFF6B92EB97A69007A14EE /* XCRemoteSwiftPackageReference "swift-package-manager-google-mobile-ads" */,
			);
			productRefGroup = 20EC7AE92E4E91EE0069E4FF /* Products */;
			projectDirPath = "";
			projectRoot = "";
			targets = (
				20EC7AE72E4E91EE0069E4FF /* Billequal */,
			);
		};
/* End PBXProject section */

/* Begin PBXResourcesBuildPhase section */
		20EC7AE62E4E91EE0069E4FF /* Resources */ = {
			isa = PBXResourcesBuildPhase;
			buildActionMask = 2147483647;
			files = (
				20A0A2442E5BCAB900FC4514 /* CalculateCell.xib in Resources */,
				20EC7AF82E4E91F70069E4FF /* LaunchScreen.storyboard in Resources */,
				20EC7AF52E4E91F70069E4FF /* Assets.xcassets in Resources */,
				2020BCD12ED517EA0014EDB8 /* OpenSans-Semibold.ttf in Resources */,
				20D925E42ED5120500EC8E26 /* OpenSans-Regular.ttf in Resources */,
				20EC7AF32E4E91EE0069E4FF /* Main.storyboard in Resources */,
				2020BCD52ED5E3DD0014EDB8 /* OpenSans-Bold.ttf in Resources */,
			);
			runOnlyForDeploymentPostprocessing = 0;
		};
/* End PBXResourcesBuildPhase section */

/* Begin PBXSourcesBuildPhase section */
		20EC7AE42E4E91EE0069E4FF /* Sources */ = {
			isa = PBXSourcesBuildPhase;
			buildActionMask = 2147483647;
			files = (
				20EBCB9A2E6F8DE000D627DA /* CalculatorViewController.swift in Sources */,
				20EC7AF02E4E91EE0069E4FF /* StartViewController.swift in Sources */,
				20E6D22A2E718CD80023E4CA /* ShareButtonHelper.swift in Sources */,
				2083A2942EE73D9D007B8453 /* AdManager.swift in Sources */,
				20EC7AEC2E4E91EE0069E4FF /* AppDelegate.swift in Sources */,
				2069FC362E5703770014AC45 /* CustomViewController.swift in Sources */,
				20EC7AEE2E4E91EE0069E4FF /* SceneDelegate.swift in Sources */,
				20FEACEA2E5D9E6B00476F0D /* Constants.swift in Sources */,
				20FEACED2E5E3EAB00476F0D /* Bill.swift in Sources */,
				20A0A2432E5BCAB900FC4514 /* CalculateCell.swift in Sources */,
				20FEACEF2E5E409200476F0D /* BillequalBrain.swift in Sources */,
				2003C8E12E7478570012CB2E /* PersonCalculation.swift in Sources */,
				20AAB5DB2E53C8460032DB88 /* ResultViewController.swift in Sources */,
			);
			runOnlyForDeploymentPostprocessing = 0;
		};
/* End PBXSourcesBuildPhase section */

/* Begin PBXVariantGroup section */
		20EC7AF12E4E91EE0069E4FF /* Main.storyboard */ = {
			isa = PBXVariantGroup;
			children = (
				20EC7AF22E4E91EE0069E4FF /* Base */,
			);
			name = Main.storyboard;
			sourceTree = "<group>";
		};
		20EC7AF62E4E91F70069E4FF /* LaunchScreen.storyboard */ = {
			isa = PBXVariantGroup;
			children = (
				20EC7AF72E4E91F70069E4FF /* Base */,
			);
			name = LaunchScreen.storyboard;
			sourceTree = "<group>";
		};
/* End PBXVariantGroup section */

/* Begin XCBuildConfiguration section */
		20EC7AFA2E4E91F70069E4FF /* Debug */ = {
			isa = XCBuildConfiguration;
			buildSettings = {
				ALWAYS_SEARCH_USER_PATHS = NO;
				CLANG_ANALYZER_NONNULL = YES;
				CLANG_ANALYZER_NUMBER_OBJECT_CONVERSION = YES_AGGRESSIVE;
				CLANG_CXX_LANGUAGE_STANDARD = "gnu++17";
				CLANG_CXX_LIBRARY = "libc++";
				CLANG_ENABLE_MODULES = YES;
				CLANG_ENABLE_OBJC_ARC = YES;
				CLANG_ENABLE_OBJC_WEAK = YES;
				CLANG_WARN_BLOCK_CAPTURE_AUTORELEASING = YES;
				CLANG_WARN_BOOL_CONVERSION = YES;
				CLANG_WARN_COMMA = YES;
				CLANG_WARN_CONSTANT_CONVERSION = YES;
				CLANG_WARN_DEPRECATED_OBJC_IMPLEMENTATIONS = YES;
				CLANG_WARN_DIRECT_OBJC_ISA_USAGE = YES_ERROR;
				CLANG_WARN_DOCUMENTATION_COMMENTS = YES;
				CLANG_WARN_EMPTY_BODY = YES;
				CLANG_WARN_ENUM_CONVERSION = YES;
				CLANG_WARN_INFINITE_RECURSION = YES;
				CLANG_WARN_INT_CONVERSION = YES;
				CLANG_WARN_NON_LITERAL_NULL_CONVERSION = YES;
				CLANG_WARN_OBJC_IMPLICIT_RETAIN_SELF = YES;
				CLANG_WARN_OBJC_LITERAL_CONVERSION = YES;
				CLANG_WARN_OBJC_ROOT_CLASS = YES_ERROR;
				CLANG_WARN_QUOTED_INCLUDE_IN_FRAMEWORK_HEADER = YES;
				CLANG_WARN_RANGE_LOOP_ANALYSIS = YES;
				CLANG_WARN_STRICT_PROTOTYPES = YES;
				CLANG_WARN_SUSPICIOUS_MOVE = YES;
				CLANG_WARN_UNGUARDED_AVAILABILITY = YES_AGGRESSIVE;
				CLANG_WARN_UNREACHABLE_CODE = YES;
				CLANG_WARN__DUPLICATE_METHOD_MATCH = YES;
				COPY_PHASE_STRIP = NO;
				DEBUG_INFORMATION_FORMAT = dwarf;
				ENABLE_STRICT_OBJC_MSGSEND = YES;
				ENABLE_TESTABILITY = YES;
				ENABLE_USER_SCRIPT_SANDBOXING = YES;
				GCC_C_LANGUAGE_STANDARD = gnu11;
				GCC_DYNAMIC_NO_PIC = NO;
				GCC_NO_COMMON_BLOCKS = YES;
				GCC_OPTIMIZATION_LEVEL = 0;
				GCC_PREPROCESSOR_DEFINITIONS = (
					"DEBUG=1",
					"$(inherited)",
				);
				GCC_WARN_64_TO_32_BIT_CONVERSION = YES;
				GCC_WARN_ABOUT_RETURN_TYPE = YES_ERROR;
				GCC_WARN_UNDECLARED_SELECTOR = YES;
				GCC_WARN_UNINITIALIZED_AUTOS = YES_AGGRESSIVE;
				GCC_WARN_UNUSED_FUNCTION = YES;
				GCC_WARN_UNUSED_VARIABLE = YES;
				IPHONEOS_DEPLOYMENT_TARGET = 15.0;
				MTL_ENABLE_DEBUG_INFO = INCLUDE_SOURCE;
				MTL_FAST_MATH = YES;
				ONLY_ACTIVE_ARCH = YES;
				SDKROOT = iphoneos;
				STRING_CATALOG_GENERATE_SYMBOLS = YES;
				SWIFT_ACTIVE_COMPILATION_CONDITIONS = DEBUG;
				SWIFT_OPTIMIZATION_LEVEL = "-Onone";
			};
			name = Debug;
		};
		20EC7AFB2E4E91F70069E4FF /* Release */ = {
			isa = XCBuildConfiguration;
			buildSettings = {
				ALWAYS_SEARCH_USER_PATHS = NO;
				CLANG_ANALYZER_NONNULL = YES;
				CLANG_ANALYZER_NUMBER_OBJECT_CONVERSION = YES_AGGRESSIVE;
				CLANG_CXX_LANGUAGE_STANDARD = "gnu++17";
				CLANG_CXX_LIBRARY = "libc++";
				CLANG_ENABLE_MODULES = YES;
				CLANG_ENABLE_OBJC_ARC = YES;
				CLANG_ENABLE_OBJC_WEAK = YES;
				CLANG_WARN_BLOCK_CAPTURE_AUTORELEASING = YES;
				CLANG_WARN_BOOL_CONVERSION = YES;
				CLANG_WARN_COMMA = YES;
				CLANG_WARN_CONSTANT_CONVERSION = YES;
				CLANG_WARN_DEPRECATED_OBJC_IMPLEMENTATIONS = YES;
				CLANG_WARN_DIRECT_OBJC_ISA_USAGE = YES_ERROR;
				CLANG_WARN_DOCUMENTATION_COMMENTS = YES;
				CLANG_WARN_EMPTY_BODY = YES;
				CLANG_WARN_ENUM_CONVERSION = YES;
				CLANG_WARN_INFINITE_RECURSION = YES;
				CLANG_WARN_INT_CONVERSION = YES;
				CLANG_WARN_NON_LITERAL_NULL_CONVERSION = YES;
				CLANG_WARN_OBJC_IMPLICIT_RETAIN_SELF = YES;
				CLANG_WARN_OBJC_LITERAL_CONVERSION = YES;
				CLANG_WARN_OBJC_ROOT_CLASS = YES_ERROR;
				CLANG_WARN_QUOTED_INCLUDE_IN_FRAMEWORK_HEADER = YES;
				CLANG_WARN_RANGE_LOOP_ANALYSIS = YES;
				CLANG_WARN_STRICT_PROTOTYPES = YES;
				CLANG_WARN_SUSPICIOUS_MOVE = YES;
				CLANG_WARN_UNGUARDED_AVAILABILITY = YES_AGGRESSIVE;
				CLANG_WARN_UNREACHABLE_CODE = YES;
				CLANG_WARN__DUPLICATE_METHOD_MATCH = YES;
				COPY_PHASE_STRIP = NO;
				DEBUG_INFORMATION_FORMAT = "dwarf-with-dsym";
				ENABLE_NS_ASSERTIONS = NO;
				ENABLE_STRICT_OBJC_MSGSEND = YES;
				ENABLE_USER_SCRIPT_SANDBOXING = YES;
				GCC_C_LANGUAGE_STANDARD = gnu11;
				GCC_NO_COMMON_BLOCKS = YES;
				GCC_WARN_64_TO_32_BIT_CONVERSION = YES;
				GCC_WARN_ABOUT_RETURN_TYPE = YES_ERROR;
				GCC_WARN_UNDECLARED_SELECTOR = YES;
				GCC_WARN_UNINITIALIZED_AUTOS = YES_AGGRESSIVE;
				GCC_WARN_UNUSED_FUNCTION = YES;
				GCC_WARN_UNUSED_VARIABLE = YES;
				IPHONEOS_DEPLOYMENT_TARGET = 15.0;
				MTL_ENABLE_DEBUG_INFO = NO;
				MTL_FAST_MATH = YES;
				SDKROOT = iphoneos;
				STRING_CATALOG_GENERATE_SYMBOLS = YES;
				SWIFT_COMPILATION_MODE = wholemodule;
				SWIFT_OPTIMIZATION_LEVEL = "-O";
				VALIDATE_PRODUCT = YES;
			};
			name = Release;
		};
		20EC7AFD2E4E91F70069E4FF /* Debug */ = {
			isa = XCBuildConfiguration;
			buildSettings = {
				ASSETCATALOG_COMPILER_APPICON_NAME = AppIcon;
				ASSETCATALOG_COMPILER_GLOBAL_ACCENT_COLOR_NAME = AccentColor;
				CODE_SIGN_STYLE = Automatic;
				CURRENT_PROJECT_VERSION = 1;
				DEVELOPMENT_TEAM = X7W7DULXL8;
				GENERATE_INFOPLIST_FILE = YES;
				INFOPLIST_FILE = Billequal/Info.plist;
				INFOPLIST_KEY_LSApplicationCategoryType = "public.app-category.finance";
				INFOPLIST_KEY_UIApplicationSupportsIndirectInputEvents = YES;
				INFOPLIST_KEY_UILaunchStoryboardName = LaunchScreen;
				INFOPLIST_KEY_UIMainStoryboardFile = Main;
				INFOPLIST_KEY_UISupportedInterfaceOrientations = UIInterfaceOrientationPortrait;
				INFOPLIST_KEY_UISupportedInterfaceOrientations_iPad = "UIInterfaceOrientationLandscapeLeft UIInterfaceOrientationLandscapeRight UIInterfaceOrientationPortrait UIInterfaceOrientationPortraitUpsideDown";
				IPHONEOS_DEPLOYMENT_TARGET = 15.6;
				LD_RUNPATH_SEARCH_PATHS = (
					"$(inherited)",
					"@executable_path/Frameworks",
				);
				MARKETING_VERSION = 1.0;
				PRODUCT_BUNDLE_IDENTIFIER = mila.lyutok.Billequal;
				PRODUCT_NAME = "$(TARGET_NAME)";
				SDKROOT = iphoneos;
				SUPPORTED_PLATFORMS = "iphoneos iphonesimulator";
				SUPPORTS_MACCATALYST = NO;
				SUPPORTS_MAC_DESIGNED_FOR_IPHONE_IPAD = NO;
				SUPPORTS_XR_DESIGNED_FOR_IPHONE_IPAD = NO;
				SWIFT_EMIT_LOC_STRINGS = YES;
				SWIFT_VERSION = 5.0;
				TARGETED_DEVICE_FAMILY = 1;
			};
			name = Debug;
		};
		20EC7AFE2E4E91F70069E4FF /* Release */ = {
			isa = XCBuildConfiguration;
			buildSettings = {
				ASSETCATALOG_COMPILER_APPICON_NAME = AppIcon;
				ASSETCATALOG_COMPILER_GLOBAL_ACCENT_COLOR_NAME = AccentColor;
				CODE_SIGN_STYLE = Automatic;
				CURRENT_PROJECT_VERSION = 1;
				DEVELOPMENT_TEAM = X7W7DULXL8;
				GENERATE_INFOPLIST_FILE = YES;
				INFOPLIST_FILE = Billequal/Info.plist;
				INFOPLIST_KEY_LSApplicationCategoryType = "public.app-category.finance";
				INFOPLIST_KEY_UIApplicationSupportsIndirectInputEvents = YES;
				INFOPLIST_KEY_UILaunchStoryboardName = LaunchScreen;
				INFOPLIST_KEY_UIMainStoryboardFile = Main;
				INFOPLIST_KEY_UISupportedInterfaceOrientations = UIInterfaceOrientationPortrait;
				INFOPLIST_KEY_UISupportedInterfaceOrientations_iPad = "UIInterfaceOrientationLandscapeLeft UIInterfaceOrientationLandscapeRight UIInterfaceOrientationPortrait UIInterfaceOrientationPortraitUpsideDown";
				IPHONEOS_DEPLOYMENT_TARGET = 15.6;
				LD_RUNPATH_SEARCH_PATHS = (
					"$(inherited)",
					"@executable_path/Frameworks",
				);
				MARKETING_VERSION = 1.0;
				PRODUCT_BUNDLE_IDENTIFIER = mila.lyutok.Billequal;
				PRODUCT_NAME = "$(TARGET_NAME)";
				SDKROOT = iphoneos;
				SUPPORTED_PLATFORMS = "iphoneos iphonesimulator";
				SUPPORTS_MACCATALYST = NO;
				SUPPORTS_MAC_DESIGNED_FOR_IPHONE_IPAD = NO;
				SUPPORTS_XR_DESIGNED_FOR_IPHONE_IPAD = NO;
				SWIFT_EMIT_LOC_STRINGS = YES;
				SWIFT_VERSION = 5.0;
				TARGETED_DEVICE_FAMILY = 1;
			};
			name = Release;
		};
/* End XCBuildConfiguration section */

/* Begin XCConfigurationList section */
		20EC7AE32E4E91EE0069E4FF /* Build configuration list for PBXProject "Billequal" */ = {
			isa = XCConfigurationList;
			buildConfigurations = (
				20EC7AFA2E4E91F70069E4FF /* Debug */,
				20EC7AFB2E4E91F70069E4FF /* Release */,
			);
			defaultConfigurationIsVisible = 0;
			defaultConfigurationName = Release;
		};
		20EC7AFC2E4E91F70069E4FF /* Build configuration list for PBXNativeTarget "Billequal" */ = {
			isa = XCConfigurationList;
			buildConfigurations = (
				20EC7AFD2E4E91F70069E4FF /* Debug */,
				20EC7AFE2E4E91F70069E4FF /* Release */,
			);
			defaultConfigurationIsVisible = 0;
			defaultConfigurationName = Release;
		};
/* End XCConfigurationList section */

/* Begin XCRemoteSwiftPackageReference section */
		20BFF6B92EB97A69007A14EE /* XCRemoteSwiftPackageReference "swift-package-manager-google-mobile-ads" */ = {
			isa = XCRemoteSwiftPackageReference;
			repositoryURL = "https://github.com/googleads/swift-package-manager-google-mobile-ads.git";
			requirement = {
				branch = main;
				kind = branch;
			};
		};
/* End XCRemoteSwiftPackageReference section */

/* Begin XCSwiftPackageProductDependency section */
		20BFF6BA2EB97A69007A14EE /* GoogleMobileAds */ = {
			isa = XCSwiftPackageProductDependency;
			package = 20BFF6B92EB97A69007A14EE /* XCRemoteSwiftPackageReference "swift-package-manager-google-mobile-ads" */;
			productName = GoogleMobileAds;
		};
/* End XCSwiftPackageProductDependency section */
	};
	rootObject = 20EC7AE02E4E91EE0069E4FF /* Project object */;
}
